// !$*UTF8*$!
{
	archiveVersion = 1;
	classes = {
	};
	objectVersion = 54;
	objects = {

/* Begin PBXBuildFile section */
		00E356F31AD99517003FC87E /* NepaliCongressAppTests.m in Sources */ = {isa = PBXBuildFile; fileRef = 00E356F21AD99517003FC87E /* NepaliCongressAppTests.m */; };
		0799191F8B8447E79CB2A275 /* Mont-Black.ttf in Resources */ = {isa = PBXBuildFile; fileRef = 66600405C81740A48EF3292E /* Mont-Black.ttf */; };
		0C80B921A6F3F58F76C31292 /* libPods-NepaliCongressApp.a in Frameworks */ = {isa = PBXBuildFile; fileRef = 5DCACB8F33CDC322A6C60F78 /* libPods-NepaliCongressApp.a */; };
		13B07FBC1A68108700A75B9A /* AppDelegate.mm in Sources */ = {isa = PBXBuildFile; fileRef = 13B07FB01A68108700A75B9A /* AppDelegate.mm */; };
		13B07FBF1A68108700A75B9A /* Images.xcassets in Resources */ = {isa = PBXBuildFile; fileRef = 13B07FB51A68108700A75B9A /* Images.xcassets */; };
		13B07FC11A68108700A75B9A /* main.m in Sources */ = {isa = PBXBuildFile; fileRef = 13B07FB71A68108700A75B9A /* main.m */; };
		1A840010092342D192A58FD4 /* Mont-HeavyItalic.ttf in Resources */ = {isa = PBXBuildFile; fileRef = A0DD0C527DC846CD995B45F3 /* Mont-HeavyItalic.ttf */; };
		29D6E6BFEDEA453A84273AFF /* Mont-ThinItalic.ttf in Resources */ = {isa = PBXBuildFile; fileRef = 3D53A57B7BC947C0BD9A50C3 /* Mont-ThinItalic.ttf */; };
		57648CDE10DC4834A6EE0377 /* Mont-DEMOExtraLight.ttf in Resources */ = {isa = PBXBuildFile; fileRef = 974F7F2B23554CE1A4D406CC /* Mont-DEMOExtraLight.ttf */; };
		5C7BDDF33E654095A486039A /* Mont-BookItalic.ttf in Resources */ = {isa = PBXBuildFile; fileRef = 87F125625CEF4778AEE443E9 /* Mont-BookItalic.ttf */; };
		5EB8D866113648E18821964C /* Mont-ExtraLightItalic.ttf in Resources */ = {isa = PBXBuildFile; fileRef = 649A947B23F94B1E88116609 /* Mont-ExtraLightItalic.ttf */; };
		64B642F2C0624C7FA58DDC05 /* Mont-BoldItalic.ttf in Resources */ = {isa = PBXBuildFile; fileRef = DCA20664C0E64BC59CD1529C /* Mont-BoldItalic.ttf */; };
		7699B88040F8A987B510C191 /* libPods-NepaliCongressApp-NepaliCongressAppTests.a in Frameworks */ = {isa = PBXBuildFile; fileRef = 19F6CBCC0A4E27FBF8BF4A61 /* libPods-NepaliCongressApp-NepaliCongressAppTests.a */; };
		7DAA4A95C27F40608A1C1B4A /* Mont-Regular.ttf in Resources */ = {isa = PBXBuildFile; fileRef = 39D1B63ED2DD41BB82384EE4 /* Mont-Regular.ttf */; };
		81AB9BB82411601600AC10FF /* LaunchScreen.storyboard in Resources */ = {isa = PBXBuildFile; fileRef = 81AB9BB72411601600AC10FF /* LaunchScreen.storyboard */; };
		842C24F781204E6BA4E34B67 /* Mont-SemiBold.ttf in Resources */ = {isa = PBXBuildFile; fileRef = 1D326173E6C44AD090BACE83 /* Mont-SemiBold.ttf */; };
		8A5EE2C2444E46EC928EA290 /* Mont-HairlineItalic.ttf in Resources */ = {isa = PBXBuildFile; fileRef = 272603B77E474543ABA882A4 /* Mont-HairlineItalic.ttf */; };
		9C567EC7C08C4922907A2648 /* Mont-Thin.ttf in Resources */ = {isa = PBXBuildFile; fileRef = BA03A659454040AE98239D44 /* Mont-Thin.ttf */; };
		9E49BCC39B634173A082094B /* Mont-BlackItalic.ttf in Resources */ = {isa = PBXBuildFile; fileRef = 9E5CB12750AA47198AD4AAAE /* Mont-BlackItalic.ttf */; };
		AC020483C99F4D12A3F019DE /* Mont-Hairline.ttf in Resources */ = {isa = PBXBuildFile; fileRef = 592B97F42A80487DA67AC8C2 /* Mont-Hairline.ttf */; };
		BECB5F70BD7A4E3DA1F27EB5 /* Mont-SemiBoldItalic.ttf in Resources */ = {isa = PBXBuildFile; fileRef = 6AB8F16880FB45B8A1F3C937 /* Mont-SemiBoldItalic.ttf */; };
		CDF7AAD55FDE49548D8544EB /* Mont-RegularItalic.ttf in Resources */ = {isa = PBXBuildFile; fileRef = 4BFECF6429764A05AC980497 /* Mont-RegularItalic.ttf */; };
		D17AA6AE70FE4FA0BA6F6CE5 /* Mont-ExtraLight.ttf in Resources */ = {isa = PBXBuildFile; fileRef = 9D6C4A49719E4A98A8448888 /* Mont-ExtraLight.ttf */; };
		D95C9CD9A9C843AE84200EE8 /* Mont-LightItalic.ttf in Resources */ = {isa = PBXBuildFile; fileRef = 63365D47C54E4F30A8A0BE16 /* Mont-LightItalic.ttf */; };
		DD65A832CC434781B620E926 /* Mont-Book.ttf in Resources */ = {isa = PBXBuildFile; fileRef = F4C1A97D67F94607A096FDE3 /* Mont-Book.ttf */; };
		E5B1C84BD3AF4DF9872021B0 /* Mont-DEMOHeavy.ttf in Resources */ = {isa = PBXBuildFile; fileRef = 46FBBB4662DD4B148E290DAF /* Mont-DEMOHeavy.ttf */; };
		E9E834E79C0C4D7A8A7CEE79 /* Mont-Light.ttf in Resources */ = {isa = PBXBuildFile; fileRef = 6665607E9BAC4A0FB2570897 /* Mont-Light.ttf */; };
		EB38EF9BAF6B4F3782650FF7 /* Mont-Bold.ttf in Resources */ = {isa = PBXBuildFile; fileRef = 1F1602D966FA4D4AB360143D /* Mont-Bold.ttf */; };
		F98A0D7913DA4C769E98FF73 /* Mont-Heavy.ttf in Resources */ = {isa = PBXBuildFile; fileRef = EBF49DB9EE0E421095EC7F58 /* Mont-Heavy.ttf */; };
/* End PBXBuildFile section */

/* Begin PBXContainerItemProxy section */
		00E356F41AD99517003FC87E /* PBXContainerItemProxy */ = {
			isa = PBXContainerItemProxy;
			containerPortal = 83CBB9F71A601CBA00E9B192 /* Project object */;
			proxyType = 1;
			remoteGlobalIDString = 13B07F861A680F5B00A75B9A;
			remoteInfo = NepaliCongressApp;
		};
/* End PBXContainerItemProxy section */

/* Begin PBXFileReference section */
		00E356EE1AD99517003FC87E /* NepaliCongressAppTests.xctest */ = {isa = PBXFileReference; explicitFileType = wrapper.cfbundle; includeInIndex = 0; path = NepaliCongressAppTests.xctest; sourceTree = BUILT_PRODUCTS_DIR; };
		00E356F11AD99517003FC87E /* Info.plist */ = {isa = PBXFileReference; lastKnownFileType = text.plist.xml; path = Info.plist; sourceTree = "<group>"; };
		00E356F21AD99517003FC87E /* NepaliCongressAppTests.m */ = {isa = PBXFileReference; lastKnownFileType = sourcecode.c.objc; path = NepaliCongressAppTests.m; sourceTree = "<group>"; };
		13B07F961A680F5B00A75B9A /* NepaliCongressApp.app */ = {isa = PBXFileReference; explicitFileType = wrapper.application; includeInIndex = 0; path = NepaliCongressApp.app; sourceTree = BUILT_PRODUCTS_DIR; };
		13B07FAF1A68108700A75B9A /* AppDelegate.h */ = {isa = PBXFileReference; fileEncoding = 4; lastKnownFileType = sourcecode.c.h; name = AppDelegate.h; path = NepaliCongressApp/AppDelegate.h; sourceTree = "<group>"; };
		13B07FB01A68108700A75B9A /* AppDelegate.mm */ = {isa = PBXFileReference; fileEncoding = 4; lastKnownFileType = sourcecode.cpp.objcpp; name = AppDelegate.mm; path = NepaliCongressApp/AppDelegate.mm; sourceTree = "<group>"; };
		13B07FB51A68108700A75B9A /* Images.xcassets */ = {isa = PBXFileReference; lastKnownFileType = folder.assetcatalog; name = Images.xcassets; path = NepaliCongressApp/Images.xcassets; sourceTree = "<group>"; };
		13B07FB61A68108700A75B9A /* Info.plist */ = {isa = PBXFileReference; fileEncoding = 4; lastKnownFileType = text.plist.xml; name = Info.plist; path = NepaliCongressApp/Info.plist; sourceTree = "<group>"; };
		13B07FB71A68108700A75B9A /* main.m */ = {isa = PBXFileReference; fileEncoding = 4; lastKnownFileType = sourcecode.c.objc; name = main.m; path = NepaliCongressApp/main.m; sourceTree = "<group>"; };
		19F6CBCC0A4E27FBF8BF4A61 /* libPods-NepaliCongressApp-NepaliCongressAppTests.a */ = {isa = PBXFileReference; explicitFileType = archive.ar; includeInIndex = 0; path = "libPods-NepaliCongressApp-NepaliCongressAppTests.a"; sourceTree = BUILT_PRODUCTS_DIR; };
		1D326173E6C44AD090BACE83 /* Mont-SemiBold.ttf */ = {isa = PBXFileReference; explicitFileType = undefined; fileEncoding = 9; includeInIndex = 0; lastKnownFileType = unknown; name = "Mont-SemiBold.ttf"; path = "../assets/fonts/Mont-SemiBold.ttf"; sourceTree = "<group>"; };
		1F1602D966FA4D4AB360143D /* Mont-Bold.ttf */ = {isa = PBXFileReference; explicitFileType = undefined; fileEncoding = 9; includeInIndex = 0; lastKnownFileType = unknown; name = "Mont-Bold.ttf"; path = "../assets/fonts/Mont-Bold.ttf"; sourceTree = "<group>"; };
		272603B77E474543ABA882A4 /* Mont-HairlineItalic.ttf */ = {isa = PBXFileReference; explicitFileType = undefined; fileEncoding = 9; includeInIndex = 0; lastKnownFileType = unknown; name = "Mont-HairlineItalic.ttf"; path = "../assets/fonts/Mont-HairlineItalic.ttf"; sourceTree = "<group>"; };
		39D1B63ED2DD41BB82384EE4 /* Mont-Regular.ttf */ = {isa = PBXFileReference; explicitFileType = undefined; fileEncoding = 9; includeInIndex = 0; lastKnownFileType = unknown; name = "Mont-Regular.ttf"; path = "../assets/fonts/Mont-Regular.ttf"; sourceTree = "<group>"; };
		3B4392A12AC88292D35C810B /* Pods-NepaliCongressApp.debug.xcconfig */ = {isa = PBXFileReference; includeInIndex = 1; lastKnownFileType = text.xcconfig; name = "Pods-NepaliCongressApp.debug.xcconfig"; path = "Target Support Files/Pods-NepaliCongressApp/Pods-NepaliCongressApp.debug.xcconfig"; sourceTree = "<group>"; };
		3D53A57B7BC947C0BD9A50C3 /* Mont-ThinItalic.ttf */ = {isa = PBXFileReference; explicitFileType = undefined; fileEncoding = 9; includeInIndex = 0; lastKnownFileType = unknown; name = "Mont-ThinItalic.ttf"; path = "../assets/fonts/Mont-ThinItalic.ttf"; sourceTree = "<group>"; };
		46FBBB4662DD4B148E290DAF /* Mont-DEMOHeavy.ttf */ = {isa = PBXFileReference; explicitFileType = undefined; fileEncoding = 9; includeInIndex = 0; lastKnownFileType = unknown; name = "Mont-DEMOHeavy.ttf"; path = "../assets/fonts/Mont-DEMOHeavy.ttf"; sourceTree = "<group>"; };
		4BFECF6429764A05AC980497 /* Mont-RegularItalic.ttf */ = {isa = PBXFileReference; explicitFileType = undefined; fileEncoding = 9; includeInIndex = 0; lastKnownFileType = unknown; name = "Mont-RegularItalic.ttf"; path = "../assets/fonts/Mont-RegularItalic.ttf"; sourceTree = "<group>"; };
		5709B34CF0A7D63546082F79 /* Pods-NepaliCongressApp.release.xcconfig */ = {isa = PBXFileReference; includeInIndex = 1; lastKnownFileType = text.xcconfig; name = "Pods-NepaliCongressApp.release.xcconfig"; path = "Target Support Files/Pods-NepaliCongressApp/Pods-NepaliCongressApp.release.xcconfig"; sourceTree = "<group>"; };
		592B97F42A80487DA67AC8C2 /* Mont-Hairline.ttf */ = {isa = PBXFileReference; explicitFileType = undefined; fileEncoding = 9; includeInIndex = 0; lastKnownFileType = unknown; name = "Mont-Hairline.ttf"; path = "../assets/fonts/Mont-Hairline.ttf"; sourceTree = "<group>"; };
		5B7EB9410499542E8C5724F5 /* Pods-NepaliCongressApp-NepaliCongressAppTests.debug.xcconfig */ = {isa = PBXFileReference; includeInIndex = 1; lastKnownFileType = text.xcconfig; name = "Pods-NepaliCongressApp-NepaliCongressAppTests.debug.xcconfig"; path = "Target Support Files/Pods-NepaliCongressApp-NepaliCongressAppTests/Pods-NepaliCongressApp-NepaliCongressAppTests.debug.xcconfig"; sourceTree = "<group>"; };
		5DCACB8F33CDC322A6C60F78 /* libPods-NepaliCongressApp.a */ = {isa = PBXFileReference; explicitFileType = archive.ar; includeInIndex = 0; path = "libPods-NepaliCongressApp.a"; sourceTree = BUILT_PRODUCTS_DIR; };
		63365D47C54E4F30A8A0BE16 /* Mont-LightItalic.ttf */ = {isa = PBXFileReference; explicitFileType = undefined; fileEncoding = 9; includeInIndex = 0; lastKnownFileType = unknown; name = "Mont-LightItalic.ttf"; path = "../assets/fonts/Mont-LightItalic.ttf"; sourceTree = "<group>"; };
		649A947B23F94B1E88116609 /* Mont-ExtraLightItalic.ttf */ = {isa = PBXFileReference; explicitFileType = undefined; fileEncoding = 9; includeInIndex = 0; lastKnownFileType = unknown; name = "Mont-ExtraLightItalic.ttf"; path = "../assets/fonts/Mont-ExtraLightItalic.ttf"; sourceTree = "<group>"; };
		66600405C81740A48EF3292E /* Mont-Black.ttf */ = {isa = PBXFileReference; explicitFileType = undefined; fileEncoding = 9; includeInIndex = 0; lastKnownFileType = unknown; name = "Mont-Black.ttf"; path = "../assets/fonts/Mont-Black.ttf"; sourceTree = "<group>"; };
		6665607E9BAC4A0FB2570897 /* Mont-Light.ttf */ = {isa = PBXFileReference; explicitFileType = undefined; fileEncoding = 9; includeInIndex = 0; lastKnownFileType = unknown; name = "Mont-Light.ttf"; path = "../assets/fonts/Mont-Light.ttf"; sourceTree = "<group>"; };
		6AB8F16880FB45B8A1F3C937 /* Mont-SemiBoldItalic.ttf */ = {isa = PBXFileReference; explicitFileType = undefined; fileEncoding = 9; includeInIndex = 0; lastKnownFileType = unknown; name = "Mont-SemiBoldItalic.ttf"; path = "../assets/fonts/Mont-SemiBoldItalic.ttf"; sourceTree = "<group>"; };
		81AB9BB72411601600AC10FF /* LaunchScreen.storyboard */ = {isa = PBXFileReference; fileEncoding = 4; lastKnownFileType = file.storyboard; name = LaunchScreen.storyboard; path = NepaliCongressApp/LaunchScreen.storyboard; sourceTree = "<group>"; };
		87F125625CEF4778AEE443E9 /* Mont-BookItalic.ttf */ = {isa = PBXFileReference; explicitFileType = undefined; fileEncoding = 9; includeInIndex = 0; lastKnownFileType = unknown; name = "Mont-BookItalic.ttf"; path = "../assets/fonts/Mont-BookItalic.ttf"; sourceTree = "<group>"; };
		89C6BE57DB24E9ADA2F236DE /* Pods-NepaliCongressApp-NepaliCongressAppTests.release.xcconfig */ = {isa = PBXFileReference; includeInIndex = 1; lastKnownFileType = text.xcconfig; name = "Pods-NepaliCongressApp-NepaliCongressAppTests.release.xcconfig"; path = "Target Support Files/Pods-NepaliCongressApp-NepaliCongressAppTests/Pods-NepaliCongressApp-NepaliCongressAppTests.release.xcconfig"; sourceTree = "<group>"; };
		974F7F2B23554CE1A4D406CC /* Mont-DEMOExtraLight.ttf */ = {isa = PBXFileReference; explicitFileType = undefined; fileEncoding = 9; includeInIndex = 0; lastKnownFileType = unknown; name = "Mont-DEMOExtraLight.ttf"; path = "../assets/fonts/Mont-DEMOExtraLight.ttf"; sourceTree = "<group>"; };
		9D6C4A49719E4A98A8448888 /* Mont-ExtraLight.ttf */ = {isa = PBXFileReference; explicitFileType = undefined; fileEncoding = 9; includeInIndex = 0; lastKnownFileType = unknown; name = "Mont-ExtraLight.ttf"; path = "../assets/fonts/Mont-ExtraLight.ttf"; sourceTree = "<group>"; };
		9E5CB12750AA47198AD4AAAE /* Mont-BlackItalic.ttf */ = {isa = PBXFileReference; explicitFileType = undefined; fileEncoding = 9; includeInIndex = 0; lastKnownFileType = unknown; name = "Mont-BlackItalic.ttf"; path = "../assets/fonts/Mont-BlackItalic.ttf"; sourceTree = "<group>"; };
		A0DD0C527DC846CD995B45F3 /* Mont-HeavyItalic.ttf */ = {isa = PBXFileReference; explicitFileType = undefined; fileEncoding = 9; includeInIndex = 0; lastKnownFileType = unknown; name = "Mont-HeavyItalic.ttf"; path = "../assets/fonts/Mont-HeavyItalic.ttf"; sourceTree = "<group>"; };
		BA03A659454040AE98239D44 /* Mont-Thin.ttf */ = {isa = PBXFileReference; explicitFileType = undefined; fileEncoding = 9; includeInIndex = 0; lastKnownFileType = unknown; name = "Mont-Thin.ttf"; path = "../assets/fonts/Mont-Thin.ttf"; sourceTree = "<group>"; };
		DCA20664C0E64BC59CD1529C /* Mont-BoldItalic.ttf */ = {isa = PBXFileReference; explicitFileType = undefined; fileEncoding = 9; includeInIndex = 0; lastKnownFileType = unknown; name = "Mont-BoldItalic.ttf"; path = "../assets/fonts/Mont-BoldItalic.ttf"; sourceTree = "<group>"; };
		EBF49DB9EE0E421095EC7F58 /* Mont-Heavy.ttf */ = {isa = PBXFileReference; explicitFileType = undefined; fileEncoding = 9; includeInIndex = 0; lastKnownFileType = unknown; name = "Mont-Heavy.ttf"; path = "../assets/fonts/Mont-Heavy.ttf"; sourceTree = "<group>"; };
		ED297162215061F000B7C4FE /* JavaScriptCore.framework */ = {isa = PBXFileReference; lastKnownFileType = wrapper.framework; name = JavaScriptCore.framework; path = System/Library/Frameworks/JavaScriptCore.framework; sourceTree = SDKROOT; };
		F4C1A97D67F94607A096FDE3 /* Mont-Book.ttf */ = {isa = PBXFileReference; explicitFileType = undefined; fileEncoding = 9; includeInIndex = 0; lastKnownFileType = unknown; name = "Mont-Book.ttf"; path = "../assets/fonts/Mont-Book.ttf"; sourceTree = "<group>"; };
/* End PBXFileReference section */

/* Begin PBXFrameworksBuildPhase section */
		00E356EB1AD99517003FC87E /* Frameworks */ = {
			isa = PBXFrameworksBuildPhase;
			buildActionMask = 2147483647;
			files = (
				7699B88040F8A987B510C191 /* libPods-NepaliCongressApp-NepaliCongressAppTests.a in Frameworks */,
			);
			runOnlyForDeploymentPostprocessing = 0;
		};
		13B07F8C1A680F5B00A75B9A /* Frameworks */ = {
			isa = PBXFrameworksBuildPhase;
			buildActionMask = 2147483647;
			files = (
				0C80B921A6F3F58F76C31292 /* libPods-NepaliCongressApp.a in Frameworks */,
			);
			runOnlyForDeploymentPostprocessing = 0;
		};
/* End PBXFrameworksBuildPhase section */

/* Begin PBXGroup section */
		00E356EF1AD99517003FC87E /* NepaliCongressAppTests */ = {
			isa = PBXGroup;
			children = (
				00E356F21AD99517003FC87E /* NepaliCongressAppTests.m */,
				00E356F01AD99517003FC87E /* Supporting Files */,
			);
			path = NepaliCongressAppTests;
			sourceTree = "<group>";
		};
		00E356F01AD99517003FC87E /* Supporting Files */ = {
			isa = PBXGroup;
			children = (
				00E356F11AD99517003FC87E /* Info.plist */,
			);
			name = "Supporting Files";
			sourceTree = "<group>";
		};
		13B07FAE1A68108700A75B9A /* NepaliCongressApp */ = {
			isa = PBXGroup;
			children = (
				13B07FAF1A68108700A75B9A /* AppDelegate.h */,
				13B07FB01A68108700A75B9A /* AppDelegate.mm */,
				13B07FB51A68108700A75B9A /* Images.xcassets */,
				13B07FB61A68108700A75B9A /* Info.plist */,
				81AB9BB72411601600AC10FF /* LaunchScreen.storyboard */,
				13B07FB71A68108700A75B9A /* main.m */,
			);
			name = NepaliCongressApp;
			sourceTree = "<group>";
		};
		2D16E6871FA4F8E400B85C8A /* Frameworks */ = {
			isa = PBXGroup;
			children = (
				ED297162215061F000B7C4FE /* JavaScriptCore.framework */,
				5DCACB8F33CDC322A6C60F78 /* libPods-NepaliCongressApp.a */,
				19F6CBCC0A4E27FBF8BF4A61 /* libPods-NepaliCongressApp-NepaliCongressAppTests.a */,
			);
			name = Frameworks;
			sourceTree = "<group>";
		};
		832341AE1AAA6A7D00B99B32 /* Libraries */ = {
			isa = PBXGroup;
			children = (
			);
			name = Libraries;
			sourceTree = "<group>";
		};
		83CBB9F61A601CBA00E9B192 = {
			isa = PBXGroup;
			children = (
				13B07FAE1A68108700A75B9A /* NepaliCongressApp */,
				832341AE1AAA6A7D00B99B32 /* Libraries */,
				00E356EF1AD99517003FC87E /* NepaliCongressAppTests */,
				83CBBA001A601CBA00E9B192 /* Products */,
				2D16E6871FA4F8E400B85C8A /* Frameworks */,
				BBD78D7AC51CEA395F1C20DB /* Pods */,
				92DB61EC200C4DF3AA7383A1 /* Resources */,
			);
			indentWidth = 2;
			sourceTree = "<group>";
			tabWidth = 2;
			usesTabs = 0;
		};
		83CBBA001A601CBA00E9B192 /* Products */ = {
			isa = PBXGroup;
			children = (
				13B07F961A680F5B00A75B9A /* NepaliCongressApp.app */,
				00E356EE1AD99517003FC87E /* NepaliCongressAppTests.xctest */,
			);
			name = Products;
			sourceTree = "<group>";
		};
		92DB61EC200C4DF3AA7383A1 /* Resources */ = {
			isa = PBXGroup;
			children = (
				66600405C81740A48EF3292E /* Mont-Black.ttf */,
				9E5CB12750AA47198AD4AAAE /* Mont-BlackItalic.ttf */,
				1F1602D966FA4D4AB360143D /* Mont-Bold.ttf */,
				DCA20664C0E64BC59CD1529C /* Mont-BoldItalic.ttf */,
				F4C1A97D67F94607A096FDE3 /* Mont-Book.ttf */,
				87F125625CEF4778AEE443E9 /* Mont-BookItalic.ttf */,
				974F7F2B23554CE1A4D406CC /* Mont-DEMOExtraLight.ttf */,
				46FBBB4662DD4B148E290DAF /* Mont-DEMOHeavy.ttf */,
				9D6C4A49719E4A98A8448888 /* Mont-ExtraLight.ttf */,
				649A947B23F94B1E88116609 /* Mont-ExtraLightItalic.ttf */,
				592B97F42A80487DA67AC8C2 /* Mont-Hairline.ttf */,
				272603B77E474543ABA882A4 /* Mont-HairlineItalic.ttf */,
				EBF49DB9EE0E421095EC7F58 /* Mont-Heavy.ttf */,
				A0DD0C527DC846CD995B45F3 /* Mont-HeavyItalic.ttf */,
				6665607E9BAC4A0FB2570897 /* Mont-Light.ttf */,
				63365D47C54E4F30A8A0BE16 /* Mont-LightItalic.ttf */,
				39D1B63ED2DD41BB82384EE4 /* Mont-Regular.ttf */,
				4BFECF6429764A05AC980497 /* Mont-RegularItalic.ttf */,
				1D326173E6C44AD090BACE83 /* Mont-SemiBold.ttf */,
				6AB8F16880FB45B8A1F3C937 /* Mont-SemiBoldItalic.ttf */,
				BA03A659454040AE98239D44 /* Mont-Thin.ttf */,
				3D53A57B7BC947C0BD9A50C3 /* Mont-ThinItalic.ttf */,
			);
			name = Resources;
			sourceTree = "<group>";
		};
		BBD78D7AC51CEA395F1C20DB /* Pods */ = {
			isa = PBXGroup;
			children = (
				3B4392A12AC88292D35C810B /* Pods-NepaliCongressApp.debug.xcconfig */,
				5709B34CF0A7D63546082F79 /* Pods-NepaliCongressApp.release.xcconfig */,
				5B7EB9410499542E8C5724F5 /* Pods-NepaliCongressApp-NepaliCongressAppTests.debug.xcconfig */,
				89C6BE57DB24E9ADA2F236DE /* Pods-NepaliCongressApp-NepaliCongressAppTests.release.xcconfig */,
			);
			path = Pods;
			sourceTree = "<group>";
		};
/* End PBXGroup section */

/* Begin PBXNativeTarget section */
		00E356ED1AD99517003FC87E /* NepaliCongressAppTests */ = {
			isa = PBXNativeTarget;
			buildConfigurationList = 00E357021AD99517003FC87E /* Build configuration list for PBXNativeTarget "NepaliCongressAppTests" */;
			buildPhases = (
				A55EABD7B0C7F3A422A6CC61 /* [CP] Check Pods Manifest.lock */,
				00E356EA1AD99517003FC87E /* Sources */,
				00E356EB1AD99517003FC87E /* Frameworks */,
				00E356EC1AD99517003FC87E /* Resources */,
				C59DA0FBD6956966B86A3779 /* [CP] Embed Pods Frameworks */,
				F6A41C54EA430FDDC6A6ED99 /* [CP] Copy Pods Resources */,
			);
			buildRules = (
			);
			dependencies = (
				00E356F51AD99517003FC87E /* PBXTargetDependency */,
			);
			name = NepaliCongressAppTests;
			productName = NepaliCongressAppTests;
			productReference = 00E356EE1AD99517003FC87E /* NepaliCongressAppTests.xctest */;
			productType = "com.apple.product-type.bundle.unit-test";
		};
		13B07F861A680F5B00A75B9A /* NepaliCongressApp */ = {
			isa = PBXNativeTarget;
			buildConfigurationList = 13B07F931A680F5B00A75B9A /* Build configuration list for PBXNativeTarget "NepaliCongressApp" */;
			buildPhases = (
				C38B50BA6285516D6DCD4F65 /* [CP] Check Pods Manifest.lock */,
				FD10A7F022414F080027D42C /* Start Packager */,
				13B07F871A680F5B00A75B9A /* Sources */,
				13B07F8C1A680F5B00A75B9A /* Frameworks */,
				13B07F8E1A680F5B00A75B9A /* Resources */,
				00DD1BFF1BD5951E006B06BC /* Bundle React Native code and images */,
				00EEFC60759A1932668264C0 /* [CP] Embed Pods Frameworks */,
				E235C05ADACE081382539298 /* [CP] Copy Pods Resources */,
			);
			buildRules = (
			);
			dependencies = (
			);
			name = NepaliCongressApp;
			productName = NepaliCongressApp;
			productReference = 13B07F961A680F5B00A75B9A /* NepaliCongressApp.app */;
			productType = "com.apple.product-type.application";
		};
/* End PBXNativeTarget section */

/* Begin PBXProject section */
		83CBB9F71A601CBA00E9B192 /* Project object */ = {
			isa = PBXProject;
			attributes = {
				LastUpgradeCheck = 1210;
				TargetAttributes = {
					00E356ED1AD99517003FC87E = {
						CreatedOnToolsVersion = 6.2;
						TestTargetID = 13B07F861A680F5B00A75B9A;
					};
					13B07F861A680F5B00A75B9A = {
						LastSwiftMigration = 1120;
					};
				};
			};
			buildConfigurationList = 83CBB9FA1A601CBA00E9B192 /* Build configuration list for PBXProject "NepaliCongressApp" */;
			compatibilityVersion = "Xcode 12.0";
			developmentRegion = en;
			hasScannedForEncodings = 0;
			knownRegions = (
				en,
				Base,
			);
			mainGroup = 83CBB9F61A601CBA00E9B192;
			productRefGroup = 83CBBA001A601CBA00E9B192 /* Products */;
			projectDirPath = "";
			projectRoot = "";
			targets = (
				13B07F861A680F5B00A75B9A /* NepaliCongressApp */,
				00E356ED1AD99517003FC87E /* NepaliCongressAppTests */,
			);
		};
/* End PBXProject section */

/* Begin PBXResourcesBuildPhase section */
		00E356EC1AD99517003FC87E /* Resources */ = {
			isa = PBXResourcesBuildPhase;
			buildActionMask = 2147483647;
			files = (
			);
			runOnlyForDeploymentPostprocessing = 0;
		};
		13B07F8E1A680F5B00A75B9A /* Resources */ = {
			isa = PBXResourcesBuildPhase;
			buildActionMask = 2147483647;
			files = (
				81AB9BB82411601600AC10FF /* LaunchScreen.storyboard in Resources */,
				13B07FBF1A68108700A75B9A /* Images.xcassets in Resources */,
				0799191F8B8447E79CB2A275 /* Mont-Black.ttf in Resources */,
				9E49BCC39B634173A082094B /* Mont-BlackItalic.ttf in Resources */,
				EB38EF9BAF6B4F3782650FF7 /* Mont-Bold.ttf in Resources */,
				64B642F2C0624C7FA58DDC05 /* Mont-BoldItalic.ttf in Resources */,
				DD65A832CC434781B620E926 /* Mont-Book.ttf in Resources */,
				5C7BDDF33E654095A486039A /* Mont-BookItalic.ttf in Resources */,
				57648CDE10DC4834A6EE0377 /* Mont-DEMOExtraLight.ttf in Resources */,
				E5B1C84BD3AF4DF9872021B0 /* Mont-DEMOHeavy.ttf in Resources */,
				D17AA6AE70FE4FA0BA6F6CE5 /* Mont-ExtraLight.ttf in Resources */,
				5EB8D866113648E18821964C /* Mont-ExtraLightItalic.ttf in Resources */,
				AC020483C99F4D12A3F019DE /* Mont-Hairline.ttf in Resources */,
				8A5EE2C2444E46EC928EA290 /* Mont-HairlineItalic.ttf in Resources */,
				F98A0D7913DA4C769E98FF73 /* Mont-Heavy.ttf in Resources */,
				1A840010092342D192A58FD4 /* Mont-HeavyItalic.ttf in Resources */,
				E9E834E79C0C4D7A8A7CEE79 /* Mont-Light.ttf in Resources */,
				D95C9CD9A9C843AE84200EE8 /* Mont-LightItalic.ttf in Resources */,
				7DAA4A95C27F40608A1C1B4A /* Mont-Regular.ttf in Resources */,
				CDF7AAD55FDE49548D8544EB /* Mont-RegularItalic.ttf in Resources */,
				842C24F781204E6BA4E34B67 /* Mont-SemiBold.ttf in Resources */,
				BECB5F70BD7A4E3DA1F27EB5 /* Mont-SemiBoldItalic.ttf in Resources */,
				9C567EC7C08C4922907A2648 /* Mont-Thin.ttf in Resources */,
				29D6E6BFEDEA453A84273AFF /* Mont-ThinItalic.ttf in Resources */,
			);
			runOnlyForDeploymentPostprocessing = 0;
		};
/* End PBXResourcesBuildPhase section */

/* Begin PBXShellScriptBuildPhase section */
		00DD1BFF1BD5951E006B06BC /* Bundle React Native code and images */ = {
			isa = PBXShellScriptBuildPhase;
			buildActionMask = 2147483647;
			files = (
			);
			inputPaths = (
				"$(SRCROOT)/.xcode.env.local",
				"$(SRCROOT)/.xcode.env",
			);
			name = "Bundle React Native code and images";
			outputPaths = (
			);
			runOnlyForDeploymentPostprocessing = 0;
			shellPath = /bin/sh;
			shellScript = "set -e\n\nWITH_ENVIRONMENT=\"../node_modules/react-native/scripts/xcode/with-environment.sh\"\nREACT_NATIVE_XCODE=\"../node_modules/react-native/scripts/react-native-xcode.sh\"\n\n/bin/sh -c \"$WITH_ENVIRONMENT $REACT_NATIVE_XCODE\"\n";
		};
		00EEFC60759A1932668264C0 /* [CP] Embed Pods Frameworks */ = {
			isa = PBXShellScriptBuildPhase;
			buildActionMask = 2147483647;
			files = (
			);
			inputFileListPaths = (
				"${PODS_ROOT}/Target Support Files/Pods-NepaliCongressApp/Pods-NepaliCongressApp-frameworks-${CONFIGURATION}-input-files.xcfilelist",
			);
			name = "[CP] Embed Pods Frameworks";
			outputFileListPaths = (
				"${PODS_ROOT}/Target Support Files/Pods-NepaliCongressApp/Pods-NepaliCongressApp-frameworks-${CONFIGURATION}-output-files.xcfilelist",
			);
			runOnlyForDeploymentPostprocessing = 0;
			shellPath = /bin/sh;
			shellScript = "\"${PODS_ROOT}/Target Support Files/Pods-NepaliCongressApp/Pods-NepaliCongressApp-frameworks.sh\"\n";
			showEnvVarsInLog = 0;
		};
		A55EABD7B0C7F3A422A6CC61 /* [CP] Check Pods Manifest.lock */ = {
			isa = PBXShellScriptBuildPhase;
			buildActionMask = 2147483647;
			files = (
			);
			inputFileListPaths = (
			);
			inputPaths = (
				"${PODS_PODFILE_DIR_PATH}/Podfile.lock",
				"${PODS_ROOT}/Manifest.lock",
			);
			name = "[CP] Check Pods Manifest.lock";
			outputFileListPaths = (
			);
			outputPaths = (
				"$(DERIVED_FILE_DIR)/Pods-NepaliCongressApp-NepaliCongressAppTests-checkManifestLockResult.txt",
			);
			runOnlyForDeploymentPostprocessing = 0;
			shellPath = /bin/sh;
			shellScript = "diff \"${PODS_PODFILE_DIR_PATH}/Podfile.lock\" \"${PODS_ROOT}/Manifest.lock\" > /dev/null\nif [ $? != 0 ] ; then\n    # print error to STDERR\n    echo \"error: The sandbox is not in sync with the Podfile.lock. Run 'pod install' or update your CocoaPods installation.\" >&2\n    exit 1\nfi\n# This output is used by Xcode 'outputs' to avoid re-running this script phase.\necho \"SUCCESS\" > \"${SCRIPT_OUTPUT_FILE_0}\"\n";
			showEnvVarsInLog = 0;
		};
		C38B50BA6285516D6DCD4F65 /* [CP] Check Pods Manifest.lock */ = {
			isa = PBXShellScriptBuildPhase;
			buildActionMask = 2147483647;
			files = (
			);
			inputFileListPaths = (
			);
			inputPaths = (
				"${PODS_PODFILE_DIR_PATH}/Podfile.lock",
				"${PODS_ROOT}/Manifest.lock",
			);
			name = "[CP] Check Pods Manifest.lock";
			outputFileListPaths = (
			);
			outputPaths = (
				"$(DERIVED_FILE_DIR)/Pods-NepaliCongressApp-checkManifestLockResult.txt",
			);
			runOnlyForDeploymentPostprocessing = 0;
			shellPath = /bin/sh;
			shellScript = "diff \"${PODS_PODFILE_DIR_PATH}/Podfile.lock\" \"${PODS_ROOT}/Manifest.lock\" > /dev/null\nif [ $? != 0 ] ; then\n    # print error to STDERR\n    echo \"error: The sandbox is not in sync with the Podfile.lock. Run 'pod install' or update your CocoaPods installation.\" >&2\n    exit 1\nfi\n# This output is used by Xcode 'outputs' to avoid re-running this script phase.\necho \"SUCCESS\" > \"${SCRIPT_OUTPUT_FILE_0}\"\n";
			showEnvVarsInLog = 0;
		};
		C59DA0FBD6956966B86A3779 /* [CP] Embed Pods Frameworks */ = {
			isa = PBXShellScriptBuildPhase;
			buildActionMask = 2147483647;
			files = (
			);
			inputFileListPaths = (
				"${PODS_ROOT}/Target Support Files/Pods-NepaliCongressApp-NepaliCongressAppTests/Pods-NepaliCongressApp-NepaliCongressAppTests-frameworks-${CONFIGURATION}-input-files.xcfilelist",
			);
			name = "[CP] Embed Pods Frameworks";
			outputFileListPaths = (
				"${PODS_ROOT}/Target Support Files/Pods-NepaliCongressApp-NepaliCongressAppTests/Pods-NepaliCongressApp-NepaliCongressAppTests-frameworks-${CONFIGURATION}-output-files.xcfilelist",
			);
			runOnlyForDeploymentPostprocessing = 0;
			shellPath = /bin/sh;
			shellScript = "\"${PODS_ROOT}/Target Support Files/Pods-NepaliCongressApp-NepaliCongressAppTests/Pods-NepaliCongressApp-NepaliCongressAppTests-frameworks.sh\"\n";
			showEnvVarsInLog = 0;
		};
		E235C05ADACE081382539298 /* [CP] Copy Pods Resources */ = {
			isa = PBXShellScriptBuildPhase;
			buildActionMask = 2147483647;
			files = (
			);
			inputFileListPaths = (
				"${PODS_ROOT}/Target Support Files/Pods-NepaliCongressApp/Pods-NepaliCongressApp-resources-${CONFIGURATION}-input-files.xcfilelist",
			);
			name = "[CP] Copy Pods Resources";
			outputFileListPaths = (
				"${PODS_ROOT}/Target Support Files/Pods-NepaliCongressApp/Pods-NepaliCongressApp-resources-${CONFIGURATION}-output-files.xcfilelist",
			);
			runOnlyForDeploymentPostprocessing = 0;
			shellPath = /bin/sh;
			shellScript = "\"${PODS_ROOT}/Target Support Files/Pods-NepaliCongressApp/Pods-NepaliCongressApp-resources.sh\"\n";
			showEnvVarsInLog = 0;
		};
		F6A41C54EA430FDDC6A6ED99 /* [CP] Copy Pods Resources */ = {
			isa = PBXShellScriptBuildPhase;
			buildActionMask = 2147483647;
			files = (
			);
			inputFileListPaths = (
				"${PODS_ROOT}/Target Support Files/Pods-NepaliCongressApp-NepaliCongressAppTests/Pods-NepaliCongressApp-NepaliCongressAppTests-resources-${CONFIGURATION}-input-files.xcfilelist",
			);
			name = "[CP] Copy Pods Resources";
			outputFileListPaths = (
				"${PODS_ROOT}/Target Support Files/Pods-NepaliCongressApp-NepaliCongressAppTests/Pods-NepaliCongressApp-NepaliCongressAppTests-resources-${CONFIGURATION}-output-files.xcfilelist",
			);
			runOnlyForDeploymentPostprocessing = 0;
			shellPath = /bin/sh;
			shellScript = "\"${PODS_ROOT}/Target Support Files/Pods-NepaliCongressApp-NepaliCongressAppTests/Pods-NepaliCongressApp-NepaliCongressAppTests-resources.sh\"\n";
			showEnvVarsInLog = 0;
		};
		FD10A7F022414F080027D42C /* Start Packager */ = {
			isa = PBXShellScriptBuildPhase;
			buildActionMask = 2147483647;
			files = (
			);
			inputFileListPaths = (
			);
			inputPaths = (
			);
			name = "Start Packager";
			outputFileListPaths = (
			);
			outputPaths = (
			);
			runOnlyForDeploymentPostprocessing = 0;
			shellPath = /bin/sh;
			shellScript = "export RCT_METRO_PORT=\"${RCT_METRO_PORT:=8081}\"\necho \"export RCT_METRO_PORT=${RCT_METRO_PORT}\" > \"${SRCROOT}/../node_modules/react-native/scripts/.packager.env\"\nif [ -z \"${RCT_NO_LAUNCH_PACKAGER+xxx}\" ] ; then\n  if nc -w 5 -z localhost ${RCT_METRO_PORT} ; then\n    if ! curl -s \"http://localhost:${RCT_METRO_PORT}/status\" | grep -q \"packager-status:running\" ; then\n      echo \"Port ${RCT_METRO_PORT} already in use, packager is either not running or not running correctly\"\n      exit 2\n    fi\n  else\n    open \"$SRCROOT/../node_modules/react-native/scripts/launchPackager.command\" || echo \"Can't start packager automatically\"\n  fi\nfi\n";
			showEnvVarsInLog = 0;
		};
/* End PBXShellScriptBuildPhase section */

/* Begin PBXSourcesBuildPhase section */
		00E356EA1AD99517003FC87E /* Sources */ = {
			isa = PBXSourcesBuildPhase;
			buildActionMask = 2147483647;
			files = (
				00E356F31AD99517003FC87E /* NepaliCongressAppTests.m in Sources */,
			);
			runOnlyForDeploymentPostprocessing = 0;
		};
		13B07F871A680F5B00A75B9A /* Sources */ = {
			isa = PBXSourcesBuildPhase;
			buildActionMask = 2147483647;
			files = (
				13B07FBC1A68108700A75B9A /* AppDelegate.mm in Sources */,
				13B07FC11A68108700A75B9A /* main.m in Sources */,
			);
			runOnlyForDeploymentPostprocessing = 0;
		};
/* End PBXSourcesBuildPhase section */

/* Begin PBXTargetDependency section */
		00E356F51AD99517003FC87E /* PBXTargetDependency */ = {
			isa = PBXTargetDependency;
			target = 13B07F861A680F5B00A75B9A /* NepaliCongressApp */;
			targetProxy = 00E356F41AD99517003FC87E /* PBXContainerItemProxy */;
		};
/* End PBXTargetDependency section */

/* Begin XCBuildConfiguration section */
		00E356F61AD99517003FC87E /* Debug */ = {
			isa = XCBuildConfiguration;
			baseConfigurationReference = 5B7EB9410499542E8C5724F5 /* Pods-NepaliCongressApp-NepaliCongressAppTests.debug.xcconfig */;
			buildSettings = {
				BUNDLE_LOADER = "$(TEST_HOST)";
				GCC_PREPROCESSOR_DEFINITIONS = (
					"DEBUG=1",
					"$(inherited)",
				);
				INFOPLIST_FILE = NepaliCongressAppTests/Info.plist;
				IPHONEOS_DEPLOYMENT_TARGET = 12.4;
				LD_RUNPATH_SEARCH_PATHS = (
					"$(inherited)",
					"@executable_path/Frameworks",
					"@loader_path/Frameworks",
				);
				OTHER_LDFLAGS = (
					"-ObjC",
					"-lc++",
					"$(inherited)",
				);
				PRODUCT_BUNDLE_IDENTIFIER = "org.reactjs.native.example.$(PRODUCT_NAME:rfc1034identifier)";
				PRODUCT_NAME = "$(TARGET_NAME)";
				TEST_HOST = "$(BUILT_PRODUCTS_DIR)/NepaliCongressApp.app/NepaliCongressApp";
			};
			name = Debug;
		};
		00E356F71AD99517003FC87E /* Release */ = {
			isa = XCBuildConfiguration;
			baseConfigurationReference = 89C6BE57DB24E9ADA2F236DE /* Pods-NepaliCongressApp-NepaliCongressAppTests.release.xcconfig */;
			buildSettings = {
				BUNDLE_LOADER = "$(TEST_HOST)";
				COPY_PHASE_STRIP = NO;
				INFOPLIST_FILE = NepaliCongressAppTests/Info.plist;
				IPHONEOS_DEPLOYMENT_TARGET = 12.4;
				LD_RUNPATH_SEARCH_PATHS = (
					"$(inherited)",
					"@executable_path/Frameworks",
					"@loader_path/Frameworks",
				);
				OTHER_LDFLAGS = (
					"-ObjC",
					"-lc++",
					"$(inherited)",
				);
				PRODUCT_BUNDLE_IDENTIFIER = "org.reactjs.native.example.$(PRODUCT_NAME:rfc1034identifier)";
				PRODUCT_NAME = "$(TARGET_NAME)";
				TEST_HOST = "$(BUILT_PRODUCTS_DIR)/NepaliCongressApp.app/NepaliCongressApp";
			};
			name = Release;
		};
		13B07F941A680F5B00A75B9A /* Debug */ = {
			isa = XCBuildConfiguration;
			baseConfigurationReference = 3B4392A12AC88292D35C810B /* Pods-NepaliCongressApp.debug.xcconfig */;
			buildSettings = {
				ASSETCATALOG_COMPILER_APPICON_NAME = AppIcon;
				CLANG_ENABLE_MODULES = YES;
				CURRENT_PROJECT_VERSION = 1;
				DEVELOPMENT_TEAM = WRD35N33G2;
				ENABLE_BITCODE = NO;
				INFOPLIST_FILE = NepaliCongressApp/Info.plist;
				LD_RUNPATH_SEARCH_PATHS = (
					"$(inherited)",
					"@executable_path/Frameworks",
				);
				OTHER_LDFLAGS = (
					"$(inherited)",
					"-ObjC",
					"-lc++",
				);
				PRODUCT_BUNDLE_IDENTIFIER = "org.reactjs.native.example.$(PRODUCT_NAME:rfc1034identifier)";
				PRODUCT_NAME = NepaliCongressApp;
				SWIFT_OPTIMIZATION_LEVEL = "-Onone";
				SWIFT_VERSION = 5.0;
				VERSIONING_SYSTEM = "apple-generic";
			};
			name = Debug;
		};
		13B07F951A680F5B00A75B9A /* Release */ = {
			isa = XCBuildConfiguration;
			baseConfigurationReference = 5709B34CF0A7D63546082F79 /* Pods-NepaliCongressApp.release.xcconfig */;
			buildSettings = {
				ASSETCATALOG_COMPILER_APPICON_NAME = AppIcon;
				CLANG_ENABLE_MODULES = YES;
				CURRENT_PROJECT_VERSION = 1;
				DEVELOPMENT_TEAM = WRD35N33G2;
				INFOPLIST_FILE = NepaliCongressApp/Info.plist;
				LD_RUNPATH_SEARCH_PATHS = (
					"$(inherited)",
					"@executable_path/Frameworks",
				);
				OTHER_LDFLAGS = (
					"$(inherited)",
					"-ObjC",
					"-lc++",
				);
				PRODUCT_BUNDLE_IDENTIFIER = "org.reactjs.native.example.$(PRODUCT_NAME:rfc1034identifier)";
				PRODUCT_NAME = NepaliCongressApp;
				SWIFT_VERSION = 5.0;
				VERSIONING_SYSTEM = "apple-generic";
			};
			name = Release;
		};
		83CBBA201A601CBA00E9B192 /* Debug */ = {
			isa = XCBuildConfiguration;
			buildSettings = {
				ALWAYS_SEARCH_USER_PATHS = NO;
				CLANG_ANALYZER_LOCALIZABILITY_NONLOCALIZED = YES;
				CLANG_CXX_LANGUAGE_STANDARD = "c++17";
				CLANG_CXX_LIBRARY = "libc++";
				CLANG_ENABLE_MODULES = YES;
				CLANG_ENABLE_OBJC_ARC = YES;
				CLANG_WARN_BLOCK_CAPTURE_AUTORELEASING = YES;
				CLANG_WARN_BOOL_CONVERSION = YES;
				CLANG_WARN_COMMA = YES;
				CLANG_WARN_CONSTANT_CONVERSION = YES;
				CLANG_WARN_DEPRECATED_OBJC_IMPLEMENTATIONS = YES;
				CLANG_WARN_DIRECT_OBJC_ISA_USAGE = YES_ERROR;
				CLANG_WARN_EMPTY_BODY = YES;
				CLANG_WARN_ENUM_CONVERSION = YES;
				CLANG_WARN_INFINITE_RECURSION = YES;
				CLANG_WARN_INT_CONVERSION = YES;
				CLANG_WARN_NON_LITERAL_NULL_CONVERSION = YES;
				CLANG_WARN_OBJC_IMPLICIT_RETAIN_SELF = YES;
				CLANG_WARN_OBJC_LITERAL_CONVERSION = YES;
				CLANG_WARN_OBJC_ROOT_CLASS = YES_ERROR;
				CLANG_WARN_QUOTED_INCLUDE_IN_FRAMEWORK_HEADER = YES;
				CLANG_WARN_RANGE_LOOP_ANALYSIS = YES;
				CLANG_WARN_STRICT_PROTOTYPES = YES;
				CLANG_WARN_SUSPICIOUS_MOVE = YES;
				CLANG_WARN_UNREACHABLE_CODE = YES;
				CLANG_WARN__DUPLICATE_METHOD_MATCH = YES;
				"CODE_SIGN_IDENTITY[sdk=iphoneos*]" = "iPhone Developer";
				COPY_PHASE_STRIP = NO;
				ENABLE_STRICT_OBJC_MSGSEND = YES;
				ENABLE_TESTABILITY = YES;
				"EXCLUDED_ARCHS[sdk=iphonesimulator*]" = "";
				GCC_C_LANGUAGE_STANDARD = gnu99;
				GCC_DYNAMIC_NO_PIC = NO;
				GCC_NO_COMMON_BLOCKS = YES;
				GCC_OPTIMIZATION_LEVEL = 0;
				GCC_PREPROCESSOR_DEFINITIONS = (
					"DEBUG=1",
					"$(inherited)",
				);
				GCC_SYMBOLS_PRIVATE_EXTERN = NO;
				GCC_WARN_64_TO_32_BIT_CONVERSION = YES;
				GCC_WARN_ABOUT_RETURN_TYPE = YES_ERROR;
				GCC_WARN_UNDECLARED_SELECTOR = YES;
				GCC_WARN_UNINITIALIZED_AUTOS = YES_AGGRESSIVE;
				GCC_WARN_UNUSED_FUNCTION = YES;
				GCC_WARN_UNUSED_VARIABLE = YES;
				IPHONEOS_DEPLOYMENT_TARGET = 12.4;
				LD_RUNPATH_SEARCH_PATHS = (
					/usr/lib/swift,
					"$(inherited)",
				);
				LIBRARY_SEARCH_PATHS = (
					"\"$(SDKROOT)/usr/lib/swift\"",
					"\"$(TOOLCHAIN_DIR)/usr/lib/swift/$(PLATFORM_NAME)\"",
					"\"$(inherited)\"",
				);
				MTL_ENABLE_DEBUG_INFO = YES;
				ONLY_ACTIVE_ARCH = YES;
				OTHER_CPLUSPLUSFLAGS = (
					"$(OTHER_CFLAGS)",
					"-DFOLLY_NO_CONFIG",
					"-DFOLLY_MOBILE=1",
					"-DFOLLY_USE_LIBCPP=1",
				);
				REACT_NATIVE_PATH = "${PODS_ROOT}/../../node_modules/react-native";
				SDKROOT = iphoneos;
			};
			name = Debug;
		};
		83CBBA211A601CBA00E9B192 /* Release */ = {
			isa = XCBuildConfiguration;
			buildSettings = {
				ALWAYS_SEARCH_USER_PATHS = NO;
				CLANG_ANALYZER_LOCALIZABILITY_NONLOCALIZED = YES;
				CLANG_CXX_LANGUAGE_STANDARD = "c++17";
				CLANG_CXX_LIBRARY = "libc++";
				CLANG_ENABLE_MODULES = YES;
				CLANG_ENABLE_OBJC_ARC = YES;
				CLANG_WARN_BLOCK_CAPTURE_AUTORELEASING = YES;
				CLANG_WARN_BOOL_CONVERSION = YES;
				CLANG_WARN_COMMA = YES;
				CLANG_WARN_CONSTANT_CONVERSION = YES;
				CLANG_WARN_DEPRECATED_OBJC_IMPLEMENTATIONS = YES;
				CLANG_WARN_DIRECT_OBJC_ISA_USAGE = YES_ERROR;
				CLANG_WARN_EMPTY_BODY = YES;
				CLANG_WARN_ENUM_CONVERSION = YES;
				CLANG_WARN_INFINITE_RECURSION = YES;
				CLANG_WARN_INT_CONVERSION = YES;
				CLANG_WARN_NON_LITERAL_NULL_CONVERSION = YES;
				CLANG_WARN_OBJC_IMPLICIT_RETAIN_SELF = YES;
				CLANG_WARN_OBJC_LITERAL_CONVERSION = YES;
				CLANG_WARN_OBJC_ROOT_CLASS = YES_ERROR;
				CLANG_WARN_QUOTED_INCLUDE_IN_FRAMEWORK_HEADER = YES;
				CLANG_WARN_RANGE_LOOP_ANALYSIS = YES;
				CLANG_WARN_STRICT_PROTOTYPES = YES;
				CLANG_WARN_SUSPICIOUS_MOVE = YES;
				CLANG_WARN_UNREACHABLE_CODE = YES;
				CLANG_WARN__DUPLICATE_METHOD_MATCH = YES;
				"CODE_SIGN_IDENTITY[sdk=iphoneos*]" = "iPhone Developer";
				COPY_PHASE_STRIP = YES;
				ENABLE_NS_ASSERTIONS = NO;
				ENABLE_STRICT_OBJC_MSGSEND = YES;
				"EXCLUDED_ARCHS[sdk=iphonesimulator*]" = "";
				GCC_C_LANGUAGE_STANDARD = gnu99;
				GCC_NO_COMMON_BLOCKS = YES;
				GCC_WARN_64_TO_32_BIT_CONVERSION = YES;
				GCC_WARN_ABOUT_RETURN_TYPE = YES_ERROR;
				GCC_WARN_UNDECLARED_SELECTOR = YES;
				GCC_WARN_UNINITIALIZED_AUTOS = YES_AGGRESSIVE;
				GCC_WARN_UNUSED_FUNCTION = YES;
				GCC_WARN_UNUSED_VARIABLE = YES;
				IPHONEOS_DEPLOYMENT_TARGET = 12.4;
				LD_RUNPATH_SEARCH_PATHS = (
					/usr/lib/swift,
					"$(inherited)",
				);
				LIBRARY_SEARCH_PATHS = (
					"\"$(SDKROOT)/usr/lib/swift\"",
					"\"$(TOOLCHAIN_DIR)/usr/lib/swift/$(PLATFORM_NAME)\"",
					"\"$(inherited)\"",
				);
				MTL_ENABLE_DEBUG_INFO = NO;
				OTHER_CPLUSPLUSFLAGS = (
					"$(OTHER_CFLAGS)",
					"-DFOLLY_NO_CONFIG",
					"-DFOLLY_MOBILE=1",
					"-DFOLLY_USE_LIBCPP=1",
				);
				REACT_NATIVE_PATH = "${PODS_ROOT}/../../node_modules/react-native";
				SDKROOT = iphoneos;
				VALIDATE_PRODUCT = YES;
			};
			name = Release;
		};
/* End XCBuildConfiguration section */

/* Begin XCConfigurationList section */
		00E357021AD99517003FC87E /* Build configuration list for PBXNativeTarget "NepaliCongressAppTests" */ = {
			isa = XCConfigurationList;
			buildConfigurations = (
				00E356F61AD99517003FC87E /* Debug */,
				00E356F71AD99517003FC87E /* Release */,
			);
			defaultConfigurationIsVisible = 0;
			defaultConfigurationName = Release;
		};
		13B07F931A680F5B00A75B9A /* Build configuration list for PBXNativeTarget "NepaliCongressApp" */ = {
			isa = XCConfigurationList;
			buildConfigurations = (
				13B07F941A680F5B00A75B9A /* Debug */,
				13B07F951A680F5B00A75B9A /* Release */,
			);
			defaultConfigurationIsVisible = 0;
			defaultConfigurationName = Release;
		};
		83CBB9FA1A601CBA00E9B192 /* Build configuration list for PBXProject "NepaliCongressApp" */ = {
			isa = XCConfigurationList;
			buildConfigurations = (
				83CBBA201A601CBA00E9B192 /* Debug */,
				83CBBA211A601CBA00E9B192 /* Release */,
			);
			defaultConfigurationIsVisible = 0;
			defaultConfigurationName = Release;
		};
/* End XCConfigurationList section */
	};
	rootObject = 83CBB9F71A601CBA00E9B192 /* Project object */;
}
